// !$*UTF8*$!
{
	archiveVersion = 1;
	classes = {
	};
	objectVersion = 56;
	objects = {

/* Begin PBXBuildFile section */
		3F4463D2294E1FB600E785B2 /* FavoritesViewController.swift in Sources */ = {isa = PBXBuildFile; fileRef = 3F4463D0294E1FB600E785B2 /* FavoritesViewController.swift */; };
		3F4463D3294E1FB600E785B2 /* FavoritesViewController.xib in Resources */ = {isa = PBXBuildFile; fileRef = 3F4463D1294E1FB600E785B2 /* FavoritesViewController.xib */; };
		3F4463D5294E25D400E785B2 /* RoverImageModel.swift in Sources */ = {isa = PBXBuildFile; fileRef = 3F4463D4294E25D400E785B2 /* RoverImageModel.swift */; };
		3F4463D9294E2EFB00E785B2 /* NetworkManager.swift in Sources */ = {isa = PBXBuildFile; fileRef = 3F4463D8294E2EFB00E785B2 /* NetworkManager.swift */; };
		3F4463DD294E2F9500E785B2 /* EMError.swift in Sources */ = {isa = PBXBuildFile; fileRef = 3F4463DC294E2F9500E785B2 /* EMError.swift */; };
		3F4463DF294E312600E785B2 /* Constants.swift in Sources */ = {isa = PBXBuildFile; fileRef = 3F4463DE294E312600E785B2 /* Constants.swift */; };
		3F4463E2294E319C00E785B2 /* UIHelpers.swift in Sources */ = {isa = PBXBuildFile; fileRef = 3F4463E1294E319C00E785B2 /* UIHelpers.swift */; };
		3F4463E7294E366C00E785B2 /* RoverPhotoCell.swift in Sources */ = {isa = PBXBuildFile; fileRef = 3F4463E5294E366C00E785B2 /* RoverPhotoCell.swift */; };
		3F4463E8294E366C00E785B2 /* RoverPhotoCell.xib in Resources */ = {isa = PBXBuildFile; fileRef = 3F4463E6294E366C00E785B2 /* RoverPhotoCell.xib */; };
		3F71272E294D32B900177035 /* Builder.swift in Sources */ = {isa = PBXBuildFile; fileRef = 3F71272D294D32B900177035 /* Builder.swift */; };
		3F712735294E1D9000177035 /* OpportunityViewController.swift in Sources */ = {isa = PBXBuildFile; fileRef = 3F712733294E1D9000177035 /* OpportunityViewController.swift */; };
		3F712736294E1D9000177035 /* OpportunityViewController.xib in Resources */ = {isa = PBXBuildFile; fileRef = 3F712734294E1D9000177035 /* OpportunityViewController.xib */; };
		3F712739294E1DB900177035 /* CuriosityViewController.swift in Sources */ = {isa = PBXBuildFile; fileRef = 3F712737294E1DB900177035 /* CuriosityViewController.swift */; };
		3F71273A294E1DB900177035 /* CuriosityViewController.xib in Resources */ = {isa = PBXBuildFile; fileRef = 3F712738294E1DB900177035 /* CuriosityViewController.xib */; };
		3F71273D294E1E2900177035 /* SpiritViewController.swift in Sources */ = {isa = PBXBuildFile; fileRef = 3F71273B294E1E2900177035 /* SpiritViewController.swift */; };
		3F71273E294E1E2900177035 /* SpiritViewController.xib in Resources */ = {isa = PBXBuildFile; fileRef = 3F71273C294E1E2900177035 /* SpiritViewController.xib */; };
		3F984DC1294D24E4007CA361 /* AppDelegate.swift in Sources */ = {isa = PBXBuildFile; fileRef = 3F984DC0294D24E4007CA361 /* AppDelegate.swift */; };
		3F984DC3294D24E4007CA361 /* SceneDelegate.swift in Sources */ = {isa = PBXBuildFile; fileRef = 3F984DC2294D24E4007CA361 /* SceneDelegate.swift */; };
		3F984DCA294D24E5007CA361 /* Assets.xcassets in Resources */ = {isa = PBXBuildFile; fileRef = 3F984DC9294D24E5007CA361 /* Assets.xcassets */; };
/* End PBXBuildFile section */

/* Begin PBXFileReference section */
		3F4463D0294E1FB600E785B2 /* FavoritesViewController.swift */ = {isa = PBXFileReference; lastKnownFileType = sourcecode.swift; path = FavoritesViewController.swift; sourceTree = "<group>"; };
		3F4463D1294E1FB600E785B2 /* FavoritesViewController.xib */ = {isa = PBXFileReference; lastKnownFileType = file.xib; name = FavoritesViewController.xib; path = ../ViewControllers/FavoritesViewController.xib; sourceTree = "<group>"; };
		3F4463D4294E25D400E785B2 /* RoverImageModel.swift */ = {isa = PBXFileReference; lastKnownFileType = sourcecode.swift; path = RoverImageModel.swift; sourceTree = "<group>"; };
		3F4463D8294E2EFB00E785B2 /* NetworkManager.swift */ = {isa = PBXFileReference; lastKnownFileType = sourcecode.swift; path = NetworkManager.swift; sourceTree = "<group>"; };
		3F4463DC294E2F9500E785B2 /* EMError.swift */ = {isa = PBXFileReference; lastKnownFileType = sourcecode.swift; path = EMError.swift; sourceTree = "<group>"; };
		3F4463DE294E312600E785B2 /* Constants.swift */ = {isa = PBXFileReference; lastKnownFileType = sourcecode.swift; path = Constants.swift; sourceTree = "<group>"; };
		3F4463E1294E319C00E785B2 /* UIHelpers.swift */ = {isa = PBXFileReference; lastKnownFileType = sourcecode.swift; path = UIHelpers.swift; sourceTree = "<group>"; };
		3F4463E5294E366C00E785B2 /* RoverPhotoCell.swift */ = {isa = PBXFileReference; lastKnownFileType = sourcecode.swift; path = RoverPhotoCell.swift; sourceTree = "<group>"; };
		3F4463E6294E366C00E785B2 /* RoverPhotoCell.xib */ = {isa = PBXFileReference; lastKnownFileType = file.xib; path = RoverPhotoCell.xib; sourceTree = "<group>"; };
		3F71272D294D32B900177035 /* Builder.swift */ = {isa = PBXFileReference; lastKnownFileType = sourcecode.swift; path = Builder.swift; sourceTree = "<group>"; };
		3F712733294E1D9000177035 /* OpportunityViewController.swift */ = {isa = PBXFileReference; lastKnownFileType = sourcecode.swift; path = OpportunityViewController.swift; sourceTree = "<group>"; };
		3F712734294E1D9000177035 /* OpportunityViewController.xib */ = {isa = PBXFileReference; lastKnownFileType = file.xib; path = OpportunityViewController.xib; sourceTree = "<group>"; };
		3F712737294E1DB900177035 /* CuriosityViewController.swift */ = {isa = PBXFileReference; lastKnownFileType = sourcecode.swift; path = CuriosityViewController.swift; sourceTree = "<group>"; };
		3F712738294E1DB900177035 /* CuriosityViewController.xib */ = {isa = PBXFileReference; lastKnownFileType = file.xib; path = CuriosityViewController.xib; sourceTree = "<group>"; };
		3F71273B294E1E2900177035 /* SpiritViewController.swift */ = {isa = PBXFileReference; lastKnownFileType = sourcecode.swift; path = SpiritViewController.swift; sourceTree = "<group>"; };
		3F71273C294E1E2900177035 /* SpiritViewController.xib */ = {isa = PBXFileReference; lastKnownFileType = file.xib; path = SpiritViewController.xib; sourceTree = "<group>"; };
		3F984DBD294D24E4007CA361 /* Eyes on Mars.app */ = {isa = PBXFileReference; explicitFileType = wrapper.application; includeInIndex = 0; path = "Eyes on Mars.app"; sourceTree = BUILT_PRODUCTS_DIR; };
		3F984DC0294D24E4007CA361 /* AppDelegate.swift */ = {isa = PBXFileReference; lastKnownFileType = sourcecode.swift; path = AppDelegate.swift; sourceTree = "<group>"; };
		3F984DC2294D24E4007CA361 /* SceneDelegate.swift */ = {isa = PBXFileReference; lastKnownFileType = sourcecode.swift; path = SceneDelegate.swift; sourceTree = "<group>"; };
		3F984DC9294D24E5007CA361 /* Assets.xcassets */ = {isa = PBXFileReference; lastKnownFileType = folder.assetcatalog; path = Assets.xcassets; sourceTree = "<group>"; };
		3F984DCE294D24E5007CA361 /* Info.plist */ = {isa = PBXFileReference; lastKnownFileType = text.plist.xml; path = Info.plist; sourceTree = "<group>"; };
/* End PBXFileReference section */

/* Begin PBXFrameworksBuildPhase section */
		3F984DBA294D24E4007CA361 /* Frameworks */ = {
			isa = PBXFrameworksBuildPhase;
			buildActionMask = 2147483647;
			files = (
			);
			runOnlyForDeploymentPostprocessing = 0;
		};
/* End PBXFrameworksBuildPhase section */

/* Begin PBXGroup section */
		3F4463D6294E260A00E785B2 /* Core */ = {
			isa = PBXGroup;
			children = (
				3F984DC9294D24E5007CA361 /* Assets.xcassets */,
				3F984DC0294D24E4007CA361 /* AppDelegate.swift */,
				3F984DC2294D24E4007CA361 /* SceneDelegate.swift */,
				3F71272D294D32B900177035 /* Builder.swift */,
			);
			path = Core;
			sourceTree = "<group>";
		};
		3F4463D7294E2EE400E785B2 /* Managers */ = {
			isa = PBXGroup;
			children = (
				3F4463D8294E2EFB00E785B2 /* NetworkManager.swift */,
			);
			path = Managers;
			sourceTree = "<group>";
		};
		3F4463DA294E2F5300E785B2 /* Utilities */ = {
			isa = PBXGroup;
			children = (
				3F4463DC294E2F9500E785B2 /* EMError.swift */,
				3F4463DE294E312600E785B2 /* Constants.swift */,
				3F4463E1294E319C00E785B2 /* UIHelpers.swift */,
			);
			path = Utilities;
			sourceTree = "<group>";
		};
		3F4463E3294E361200E785B2 /* CustomViews */ = {
			isa = PBXGroup;
			children = (
				3F4463E4294E362200E785B2 /* Cells */,
			);
			path = CustomViews;
			sourceTree = "<group>";
		};
		3F4463E4294E362200E785B2 /* Cells */ = {
			isa = PBXGroup;
			children = (
				3F4463E5294E366C00E785B2 /* RoverPhotoCell.swift */,
				3F4463E6294E366C00E785B2 /* RoverPhotoCell.xib */,
			);
			path = Cells;
			sourceTree = "<group>";
		};
		3F71273F294E1EDA00177035 /* Scenes */ = {
			isa = PBXGroup;
			children = (
				3F4463D1294E1FB600E785B2 /* FavoritesViewController.xib */,
				3F712734294E1D9000177035 /* OpportunityViewController.xib */,
				3F712738294E1DB900177035 /* CuriosityViewController.xib */,
				3F71273C294E1E2900177035 /* SpiritViewController.xib */,
			);
			path = Scenes;
			sourceTree = "<group>";
		};
		3F712740294E1EE000177035 /* ViewControllers */ = {
			isa = PBXGroup;
			children = (
				3F712733294E1D9000177035 /* OpportunityViewController.swift */,
				3F712737294E1DB900177035 /* CuriosityViewController.swift */,
				3F71273B294E1E2900177035 /* SpiritViewController.swift */,
				3F4463D0294E1FB600E785B2 /* FavoritesViewController.swift */,
			);
			path = ViewControllers;
			sourceTree = "<group>";
		};
		3F712741294E1EEE00177035 /* Models */ = {
			isa = PBXGroup;
			children = (
				3F4463D4294E25D400E785B2 /* RoverImageModel.swift */,
			);
			path = Models;
			sourceTree = "<group>";
		};
		3F712742294E1EFD00177035 /* ViewModels */ = {
			isa = PBXGroup;
			children = (
			);
			path = ViewModels;
			sourceTree = "<group>";
		};
		3F984DB4294D24E4007CA361 = {
			isa = PBXGroup;
			children = (
				3F984DBF294D24E4007CA361 /* Eyes on Mars */,
				3F984DBE294D24E4007CA361 /* Products */,
			);
			sourceTree = "<group>";
		};
		3F984DBE294D24E4007CA361 /* Products */ = {
			isa = PBXGroup;
			children = (
				3F984DBD294D24E4007CA361 /* Eyes on Mars.app */,
			);
			name = Products;
			sourceTree = "<group>";
		};
		3F984DBF294D24E4007CA361 /* Eyes on Mars */ = {
			isa = PBXGroup;
			children = (
				3F4463D6294E260A00E785B2 /* Core */,
				3F71273F294E1EDA00177035 /* Scenes */,
				3F712740294E1EE000177035 /* ViewControllers */,
				3F712742294E1EFD00177035 /* ViewModels */,
				3F4463E3294E361200E785B2 /* CustomViews */,
				3F712741294E1EEE00177035 /* Models */,
				3F4463D7294E2EE400E785B2 /* Managers */,
				3F4463DA294E2F5300E785B2 /* Utilities */,
				3F984DCE294D24E5007CA361 /* Info.plist */,
			);
			path = "Eyes on Mars";
			sourceTree = "<group>";
		};
/* End PBXGroup section */

/* Begin PBXNativeTarget section */
		3F984DBC294D24E4007CA361 /* Eyes on Mars */ = {
			isa = PBXNativeTarget;
			buildConfigurationList = 3F984DD1294D24E5007CA361 /* Build configuration list for PBXNativeTarget "Eyes on Mars" */;
			buildPhases = (
				3F984DB9294D24E4007CA361 /* Sources */,
				3F984DBA294D24E4007CA361 /* Frameworks */,
				3F984DBB294D24E4007CA361 /* Resources */,
			);
			buildRules = (
			);
			dependencies = (
			);
			name = "Eyes on Mars";
			productName = "Eyes on Mars";
			productReference = 3F984DBD294D24E4007CA361 /* Eyes on Mars.app */;
			productType = "com.apple.product-type.application";
		};
/* End PBXNativeTarget section */

/* Begin PBXProject section */
		3F984DB5294D24E4007CA361 /* Project object */ = {
			isa = PBXProject;
			attributes = {
				BuildIndependentTargetsInParallel = 1;
				LastSwiftUpdateCheck = 1400;
				LastUpgradeCheck = 1400;
				TargetAttributes = {
					3F984DBC294D24E4007CA361 = {
						CreatedOnToolsVersion = 14.0.1;
					};
				};
			};
			buildConfigurationList = 3F984DB8294D24E4007CA361 /* Build configuration list for PBXProject "Eyes on Mars" */;
			compatibilityVersion = "Xcode 14.0";
			developmentRegion = en;
			hasScannedForEncodings = 0;
			knownRegions = (
				en,
				Base,
			);
			mainGroup = 3F984DB4294D24E4007CA361;
			productRefGroup = 3F984DBE294D24E4007CA361 /* Products */;
			projectDirPath = "";
			projectRoot = "";
			targets = (
				3F984DBC294D24E4007CA361 /* Eyes on Mars */,
			);
		};
/* End PBXProject section */

/* Begin PBXResourcesBuildPhase section */
		3F984DBB294D24E4007CA361 /* Resources */ = {
			isa = PBXResourcesBuildPhase;
			buildActionMask = 2147483647;
			files = (
				3F984DCA294D24E5007CA361 /* Assets.xcassets in Resources */,
				3F71273A294E1DB900177035 /* CuriosityViewController.xib in Resources */,
				3F712736294E1D9000177035 /* OpportunityViewController.xib in Resources */,
				3F4463D3294E1FB600E785B2 /* FavoritesViewController.xib in Resources */,
				3F71273E294E1E2900177035 /* SpiritViewController.xib in Resources */,
				3F4463E8294E366C00E785B2 /* RoverPhotoCell.xib in Resources */,
			);
			runOnlyForDeploymentPostprocessing = 0;
		};
/* End PBXResourcesBuildPhase section */

/* Begin PBXSourcesBuildPhase section */
		3F984DB9294D24E4007CA361 /* Sources */ = {
			isa = PBXSourcesBuildPhase;
			buildActionMask = 2147483647;
			files = (
				3F4463DD294E2F9500E785B2 /* EMError.swift in Sources */,
				3F4463DF294E312600E785B2 /* Constants.swift in Sources */,
				3F4463D9294E2EFB00E785B2 /* NetworkManager.swift in Sources */,
				3F4463E2294E319C00E785B2 /* UIHelpers.swift in Sources */,
				3F71273D294E1E2900177035 /* SpiritViewController.swift in Sources */,
				3F984DC1294D24E4007CA361 /* AppDelegate.swift in Sources */,
				3F4463D5294E25D400E785B2 /* RoverImageModel.swift in Sources */,
				3F4463D2294E1FB600E785B2 /* FavoritesViewController.swift in Sources */,
				3F4463E7294E366C00E785B2 /* RoverPhotoCell.swift in Sources */,
				3F712735294E1D9000177035 /* OpportunityViewController.swift in Sources */,
				3F984DC3294D24E4007CA361 /* SceneDelegate.swift in Sources */,
				3F712739294E1DB900177035 /* CuriosityViewController.swift in Sources */,
				3F71272E294D32B900177035 /* Builder.swift in Sources */,
			);
			runOnlyForDeploymentPostprocessing = 0;
		};
/* End PBXSourcesBuildPhase section */

/* Begin XCBuildConfiguration section */
		3F984DCF294D24E5007CA361 /* Debug */ = {
			isa = XCBuildConfiguration;
			buildSettings = {
				ALWAYS_SEARCH_USER_PATHS = NO;
				CLANG_ANALYZER_NONNULL = YES;
				CLANG_ANALYZER_NUMBER_OBJECT_CONVERSION = YES_AGGRESSIVE;
				CLANG_CXX_LANGUAGE_STANDARD = "gnu++20";
				CLANG_ENABLE_MODULES = YES;
				CLANG_ENABLE_OBJC_ARC = YES;
				CLANG_ENABLE_OBJC_WEAK = YES;
				CLANG_WARN_BLOCK_CAPTURE_AUTORELEASING = YES;
				CLANG_WARN_BOOL_CONVERSION = YES;
				CLANG_WARN_COMMA = YES;
				CLANG_WARN_CONSTANT_CONVERSION = YES;
				CLANG_WARN_DEPRECATED_OBJC_IMPLEMENTATIONS = YES;
				CLANG_WARN_DIRECT_OBJC_ISA_USAGE = YES_ERROR;
				CLANG_WARN_DOCUMENTATION_COMMENTS = YES;
				CLANG_WARN_EMPTY_BODY = YES;
				CLANG_WARN_ENUM_CONVERSION = YES;
				CLANG_WARN_INFINITE_RECURSION = YES;
				CLANG_WARN_INT_CONVERSION = YES;
				CLANG_WARN_NON_LITERAL_NULL_CONVERSION = YES;
				CLANG_WARN_OBJC_IMPLICIT_RETAIN_SELF = YES;
				CLANG_WARN_OBJC_LITERAL_CONVERSION = YES;
				CLANG_WARN_OBJC_ROOT_CLASS = YES_ERROR;
				CLANG_WARN_QUOTED_INCLUDE_IN_FRAMEWORK_HEADER = YES;
				CLANG_WARN_RANGE_LOOP_ANALYSIS = YES;
				CLANG_WARN_STRICT_PROTOTYPES = YES;
				CLANG_WARN_SUSPICIOUS_MOVE = YES;
				CLANG_WARN_UNGUARDED_AVAILABILITY = YES_AGGRESSIVE;
				CLANG_WARN_UNREACHABLE_CODE = YES;
				CLANG_WARN__DUPLICATE_METHOD_MATCH = YES;
				COPY_PHASE_STRIP = NO;
				DEBUG_INFORMATION_FORMAT = dwarf;
				ENABLE_STRICT_OBJC_MSGSEND = YES;
				ENABLE_TESTABILITY = YES;
				GCC_C_LANGUAGE_STANDARD = gnu11;
				GCC_DYNAMIC_NO_PIC = NO;
				GCC_NO_COMMON_BLOCKS = YES;
				GCC_OPTIMIZATION_LEVEL = 0;
				GCC_PREPROCESSOR_DEFINITIONS = (
					"DEBUG=1",
					"$(inherited)",
				);
				GCC_WARN_64_TO_32_BIT_CONVERSION = YES;
				GCC_WARN_ABOUT_RETURN_TYPE = YES_ERROR;
				GCC_WARN_UNDECLARED_SELECTOR = YES;
				GCC_WARN_UNINITIALIZED_AUTOS = YES_AGGRESSIVE;
				GCC_WARN_UNUSED_FUNCTION = YES;
				GCC_WARN_UNUSED_VARIABLE = YES;
				IPHONEOS_DEPLOYMENT_TARGET = 16.0;
				MTL_ENABLE_DEBUG_INFO = INCLUDE_SOURCE;
				MTL_FAST_MATH = YES;
				ONLY_ACTIVE_ARCH = YES;
				SDKROOT = iphoneos;
				SWIFT_ACTIVE_COMPILATION_CONDITIONS = DEBUG;
				SWIFT_OPTIMIZATION_LEVEL = "-Onone";
			};
			name = Debug;
		};
		3F984DD0294D24E5007CA361 /* Release */ = {
			isa = XCBuildConfiguration;
			buildSettings = {
				ALWAYS_SEARCH_USER_PATHS = NO;
				CLANG_ANALYZER_NONNULL = YES;
				CLANG_ANALYZER_NUMBER_OBJECT_CONVERSION = YES_AGGRESSIVE;
				CLANG_CXX_LANGUAGE_STANDARD = "gnu++20";
				CLANG_ENABLE_MODULES = YES;
				CLANG_ENABLE_OBJC_ARC = YES;
				CLANG_ENABLE_OBJC_WEAK = YES;
				CLANG_WARN_BLOCK_CAPTURE_AUTORELEASING = YES;
				CLANG_WARN_BOOL_CONVERSION = YES;
				CLANG_WARN_COMMA = YES;
				CLANG_WARN_CONSTANT_CONVERSION = YES;
				CLANG_WARN_DEPRECATED_OBJC_IMPLEMENTATIONS = YES;
				CLANG_WARN_DIRECT_OBJC_ISA_USAGE = YES_ERROR;
				CLANG_WARN_DOCUMENTATION_COMMENTS = YES;
				CLANG_WARN_EMPTY_BODY = YES;
				CLANG_WARN_ENUM_CONVERSION = YES;
				CLANG_WARN_INFINITE_RECURSION = YES;
				CLANG_WARN_INT_CONVERSION = YES;
				CLANG_WARN_NON_LITERAL_NULL_CONVERSION = YES;
				CLANG_WARN_OBJC_IMPLICIT_RETAIN_SELF = YES;
				CLANG_WARN_OBJC_LITERAL_CONVERSION = YES;
				CLANG_WARN_OBJC_ROOT_CLASS = YES_ERROR;
				CLANG_WARN_QUOTED_INCLUDE_IN_FRAMEWORK_HEADER = YES;
				CLANG_WARN_RANGE_LOOP_ANALYSIS = YES;
				CLANG_WARN_STRICT_PROTOTYPES = YES;
				CLANG_WARN_SUSPICIOUS_MOVE = YES;
				CLANG_WARN_UNGUARDED_AVAILABILITY = YES_AGGRESSIVE;
				CLANG_WARN_UNREACHABLE_CODE = YES;
				CLANG_WARN__DUPLICATE_METHOD_MATCH = YES;
				COPY_PHASE_STRIP = NO;
				DEBUG_INFORMATION_FORMAT = "dwarf-with-dsym";
				ENABLE_NS_ASSERTIONS = NO;
				ENABLE_STRICT_OBJC_MSGSEND = YES;
				GCC_C_LANGUAGE_STANDARD = gnu11;
				GCC_NO_COMMON_BLOCKS = YES;
				GCC_WARN_64_TO_32_BIT_CONVERSION = YES;
				GCC_WARN_ABOUT_RETURN_TYPE = YES_ERROR;
				GCC_WARN_UNDECLARED_SELECTOR = YES;
				GCC_WARN_UNINITIALIZED_AUTOS = YES_AGGRESSIVE;
				GCC_WARN_UNUSED_FUNCTION = YES;
				GCC_WARN_UNUSED_VARIABLE = YES;
				IPHONEOS_DEPLOYMENT_TARGET = 16.0;
				MTL_ENABLE_DEBUG_INFO = NO;
				MTL_FAST_MATH = YES;
				SDKROOT = iphoneos;
				SWIFT_COMPILATION_MODE = wholemodule;
				SWIFT_OPTIMIZATION_LEVEL = "-O";
				VALIDATE_PRODUCT = YES;
			};
			name = Release;
		};
		3F984DD2294D24E5007CA361 /* Debug */ = {
			isa = XCBuildConfiguration;
			buildSettings = {
				ASSETCATALOG_COMPILER_APPICON_NAME = AppIcon;
				ASSETCATALOG_COMPILER_GLOBAL_ACCENT_COLOR_NAME = AccentColor;
				CODE_SIGN_STYLE = Automatic;
				CURRENT_PROJECT_VERSION = 1;
				DEVELOPMENT_TEAM = 834C9GJ66P;
				GENERATE_INFOPLIST_FILE = YES;
				INFOPLIST_FILE = "Eyes on Mars/Info.plist";
				INFOPLIST_KEY_UIApplicationSupportsIndirectInputEvents = YES;
				INFOPLIST_KEY_UILaunchStoryboardName = LaunchScreen;
				INFOPLIST_KEY_UISupportedInterfaceOrientations_iPad = "UIInterfaceOrientationPortrait UIInterfaceOrientationPortraitUpsideDown UIInterfaceOrientationLandscapeLeft UIInterfaceOrientationLandscapeRight";
				INFOPLIST_KEY_UISupportedInterfaceOrientations_iPhone = "UIInterfaceOrientationPortrait UIInterfaceOrientationLandscapeLeft UIInterfaceOrientationLandscapeRight";
				LD_RUNPATH_SEARCH_PATHS = (
					"$(inherited)",
					"@executable_path/Frameworks",
				);
				MARKETING_VERSION = 1.0;
				PRODUCT_BUNDLE_IDENTIFIER = "ozan.Eyes-on-Mars";
				PRODUCT_NAME = "$(TARGET_NAME)";
				SWIFT_EMIT_LOC_STRINGS = YES;
				SWIFT_VERSION = 5.0;
				TARGETED_DEVICE_FAMILY = "1,2";
			};
			name = Debug;
		};
		3F984DD3294D24E5007CA361 /* Release */ = {
			isa = XCBuildConfiguration;
			buildSettings = {
				ASSETCATALOG_COMPILER_APPICON_NAME = AppIcon;
				ASSETCATALOG_COMPILER_GLOBAL_ACCENT_COLOR_NAME = AccentColor;
				CODE_SIGN_STYLE = Automatic;
				CURRENT_PROJECT_VERSION = 1;
				DEVELOPMENT_TEAM = 834C9GJ66P;
				GENERATE_INFOPLIST_FILE = YES;
				INFOPLIST_FILE = "Eyes on Mars/Info.plist";
				INFOPLIST_KEY_UIApplicationSupportsIndirectInputEvents = YES;
				INFOPLIST_KEY_UILaunchStoryboardName = LaunchScreen;
				INFOPLIST_KEY_UISupportedInterfaceOrientations_iPad = "UIInterfaceOrientationPortrait UIInterfaceOrientationPortraitUpsideDown UIInterfaceOrientationLandscapeLeft UIInterfaceOrientationLandscapeRight";
				INFOPLIST_KEY_UISupportedInterfaceOrientations_iPhone = "UIInterfaceOrientationPortrait UIInterfaceOrientationLandscapeLeft UIInterfaceOrientationLandscapeRight";
				LD_RUNPATH_SEARCH_PATHS = (
					"$(inherited)",
					"@executable_path/Frameworks",
				);
				MARKETING_VERSION = 1.0;
				PRODUCT_BUNDLE_IDENTIFIER = "ozan.Eyes-on-Mars";
				PRODUCT_NAME = "$(TARGET_NAME)";
				SWIFT_EMIT_LOC_STRINGS = YES;
				SWIFT_VERSION = 5.0;
				TARGETED_DEVICE_FAMILY = "1,2";
			};
			name = Release;
		};
/* End XCBuildConfiguration section */

/* Begin XCConfigurationList section */
		3F984DB8294D24E4007CA361 /* Build configuration list for PBXProject "Eyes on Mars" */ = {
			isa = XCConfigurationList;
			buildConfigurations = (
				3F984DCF294D24E5007CA361 /* Debug */,
				3F984DD0294D24E5007CA361 /* Release */,
			);
			defaultConfigurationIsVisible = 0;
			defaultConfigurationName = Release;
		};
		3F984DD1294D24E5007CA361 /* Build configuration list for PBXNativeTarget "Eyes on Mars" */ = {
			isa = XCConfigurationList;
			buildConfigurations = (
				3F984DD2294D24E5007CA361 /* Debug */,
				3F984DD3294D24E5007CA361 /* Release */,
			);
			defaultConfigurationIsVisible = 0;
			defaultConfigurationName = Release;
		};
/* End XCConfigurationList section */
	};
	rootObject = 3F984DB5294D24E4007CA361 /* Project object */;
}
